
Microsoft Visual Studio Solution File, Format Version 12.00
# Visual Studio Version 17
VisualStudioVersion = 17.14.36518.9
MinimumVisualStudioVersion = 10.0.40219.1
Project("{FAE04EC0-301F-11D3-BF4B-00C04F79EFBC}") = "UI", "FlowerShop\UI.csproj", "{9B111CAA-E4E0-4309-B278-D6CB51BB3DCB}"
EndProject
Project("{FAE04EC0-301F-11D3-BF4B-00C04F79EFBC}") = "Data.Interfaces", "Date.Interfaces\Data.Interfaces.csproj", "{DE4BE7DD-4BE2-4836-9186-7D7B9E77F6D8}"
EndProject
Project("{FAE04EC0-301F-11D3-BF4B-00C04F79EFBC}") = "Services", "Services\Services.csproj", "{59E9037E-F6D8-45F2-9367-60F806F876AE}"
EndProject
Project("{FAE04EC0-301F-11D3-BF4B-00C04F79EFBC}") = "DOMAIN", "DOMAIN\DOMAIN.csproj", "{CF76A311-B58C-48FA-88F1-8A08D4AE5174}"
EndProject
Project("{FAE04EC0-301F-11D3-BF4B-00C04F79EFBC}") = "Data.InMemory", "Data.InMemory\Data.InMemory.csproj", "{40DF1484-2CB7-40E6-A132-F49ABD6796AA}"
EndProject
Project("{FAE04EC0-301F-11D3-BF4B-00C04F79EFBC}") = "FlowerShopDB.Data.SqlServer", "FlowerShopDB.Data.SqlServer\FlowerShopDB.Data.SqlServer.csproj", "{3263629A-35BA-4B6C-A6B3-FCCFACC0343F}"
EndProject
Global
	GlobalSection(SolutionConfigurationPlatforms) = preSolution
		Debug|Any CPU = Debug|Any CPU
		Release|Any CPU = Release|Any CPU
	EndGlobalSection
	GlobalSection(ProjectConfigurationPlatforms) = postSolution
		{9B111CAA-E4E0-4309-B278-D6CB51BB3DCB}.Debug|Any CPU.ActiveCfg = Debug|Any CPU
		{9B111CAA-E4E0-4309-B278-D6CB51BB3DCB}.Debug|Any CPU.Build.0 = Debug|Any CPU
		{9B111CAA-E4E0-4309-B278-D6CB51BB3DCB}.Release|Any CPU.ActiveCfg = Release|Any CPU
		{9B111CAA-E4E0-4309-B278-D6CB51BB3DCB}.Release|Any CPU.Build.0 = Release|Any CPU
		{DE4BE7DD-4BE2-4836-9186-7D7B9E77F6D8}.Debug|Any CPU.ActiveCfg = Debug|Any CPU
		{DE4BE7DD-4BE2-4836-9186-7D7B9E77F6D8}.Debug|Any CPU.Build.0 = Debug|Any CPU
		{DE4BE7DD-4BE2-4836-9186-7D7B9E77F6D8}.Release|Any CPU.ActiveCfg = Release|Any CPU
		{DE4BE7DD-4BE2-4836-9186-7D7B9E77F6D8}.Release|Any CPU.Build.0 = Release|Any CPU
		{59E9037E-F6D8-45F2-9367-60F806F876AE}.Debug|Any CPU.ActiveCfg = Debug|Any CPU
		{59E9037E-F6D8-45F2-9367-60F806F876AE}.Debug|Any CPU.Build.0 = Debug|Any CPU
		{59E9037E-F6D8-45F2-9367-60F806F876AE}.Release|Any CPU.ActiveCfg = Release|Any CPU
		{59E9037E-F6D8-45F2-9367-60F806F876AE}.Release|Any CPU.Build.0 = Release|Any CPU
		{CF76A311-B58C-48FA-88F1-8A08D4AE5174}.Debug|Any CPU.ActiveCfg = Debug|Any CPU
		{CF76A311-B58C-48FA-88F1-8A08D4AE5174}.Debug|Any CPU.Build.0 = Debug|Any CPU
		{CF76A311-B58C-48FA-88F1-8A08D4AE5174}.Release|Any CPU.ActiveCfg = Release|Any CPU
		{CF76A311-B58C-48FA-88F1-8A08D4AE5174}.Release|Any CPU.Build.0 = Release|Any CPU
		{40DF1484-2CB7-40E6-A132-F49ABD6796AA}.Debug|Any CPU.ActiveCfg = Debug|Any CPU
		{40DF1484-2CB7-40E6-A132-F49ABD6796AA}.Debug|Any CPU.Build.0 = Debug|Any CPU
		{40DF1484-2CB7-40E6-A132-F49ABD6796AA}.Release|Any CPU.ActiveCfg = Release|Any CPU
		{40DF1484-2CB7-40E6-A132-F49ABD6796AA}.Release|Any CPU.Build.0 = Release|Any CPU
		{3263629A-35BA-4B6C-A6B3-FCCFACC0343F}.Debug|Any CPU.ActiveCfg = Debug|Any CPU
		{3263629A-35BA-4B6C-A6B3-FCCFACC0343F}.Debug|Any CPU.Build.0 = Debug|Any CPU
		{3263629A-35BA-4B6C-A6B3-FCCFACC0343F}.Release|Any CPU.ActiveCfg = Release|Any CPU
		{3263629A-35BA-4B6C-A6B3-FCCFACC0343F}.Release|Any CPU.Build.0 = Release|Any CPU
	EndGlobalSection
	GlobalSection(SolutionProperties) = preSolution
		HideSolutionNode = FALSE
	EndGlobalSection
	GlobalSection(ExtensibilityGlobals) = postSolution
		SolutionGuid = {3967E294-EA23-48C0-89A6-A537BFE5CDA6}
	EndGlobalSection
EndGlobal
